
Microsoft Visual Studio Solution File, Format Version 12.00
# Visual Studio Version 17
VisualStudioVersion = 17.7.34024.191
MinimumVisualStudioVersion = 10.0.40219.1
Project("{8BC9CEB8-8B4A-11D0-8D11-00A0C91BC942}") = "Barker_ExamOneProbOne", "Barker_ExamOneProbOne.vcxproj", "{52D48D21-A334-428F-8FF0-B778E5D038BC}"
EndProject
Global
	GlobalSection(SolutionConfigurationPlatforms) = preSolution
		Debug|x64 = Debug|x64
		Debug|x86 = Debug|x86
		Release|x64 = Release|x64
		Release|x86 = Release|x86
	EndGlobalSection
	GlobalSection(ProjectConfigurationPlatforms) = postSolution
		{52D48D21-A334-428F-8FF0-B778E5D038BC}.Debug|x64.ActiveCfg = Debug|x64
		{52D48D21-A334-428F-8FF0-B778E5D038BC}.Debug|x64.Build.0 = Debug|x64
		{52D48D21-A334-428F-8FF0-B778E5D038BC}.Debug|x86.ActiveCfg = Debug|Win32
		{52D48D21-A334-428F-8FF0-B778E5D038BC}.Debug|x86.Build.0 = Debug|Win32
		{52D48D21-A334-428F-8FF0-B778E5D038BC}.Release|x64.ActiveCfg = Release|x64
		{52D48D21-A334-428F-8FF0-B778E5D038BC}.Release|x64.Build.0 = Release|x64
		{52D48D21-A334-428F-8FF0-B778E5D038BC}.Release|x86.ActiveCfg = Release|Win32
		{52D48D21-A334-428F-8FF0-B778E5D038BC}.Release|x86.Build.0 = Release|Win32
	EndGlobalSection
	GlobalSection(SolutionProperties) = preSolution
		HideSolutionNode = FALSE
	EndGlobalSection
	GlobalSection(ExtensibilityGlobals) = postSolution
		SolutionGuid = {1D8C6585-3B0D-4CEF-8748-D640B199D4CD}
	EndGlobalSection
EndGlobal
